<?xml version="1.0" encoding="utf-8"?>
<Project ToolsVersion="4.0" xmlns="http://schemas.microsoft.com/developer/msbuild/2003">
  <ItemGroup>
    <Filter Include="ソース ファイル">
      <UniqueIdentifier>{4FC737F1-C7A5-4376-A066-2A32D752A2FF}</UniqueIdentifier>
      <Extensions>cpp;c;cc;cxx;def;odl;idl;hpj;bat;asm;asmx</Extensions>
    </Filter>
    <Filter Include="ヘッダー ファイル">
      <UniqueIdentifier>{93995380-89BD-4b04-88EB-625FBE52EBFB}</UniqueIdentifier>
      <Extensions>h;hh;hpp;hxx;hm;inl;inc;ipp;xsd</Extensions>
    </Filter>
    <Filter Include="リソース ファイル">
      <UniqueIdentifier>{67DA6AB6-F800-4c08-8B7A-83BB121AAD01}</UniqueIdentifier>
      <Extensions>rc;ico;cur;bmp;dlg;rc2;rct;bin;rgs;gif;jpg;jpeg;jpe;resx;tiff;tif;png;wav;mfcribbon-ms</Extensions>
    </Filter>
    <Filter Include="ソース ファイル\Draw">
      <UniqueIdentifier>{953e2999-ae8d-4695-864a-09340f249c6e}</UniqueIdentifier>
    </Filter>
    <Filter Include="ヘッダー ファイル\Draw">
      <UniqueIdentifier>{c8895a68-cc27-4b34-acfe-99a19266f0ae}</UniqueIdentifier>
    </Filter>
    <Filter Include="ソース ファイル\Draw\Math">
      <UniqueIdentifier>{dca3ef79-86b3-42c2-97cd-e3f71e655ee7}</UniqueIdentifier>
    </Filter>
    <Filter Include="ヘッダー ファイル\Draw\Math">
      <UniqueIdentifier>{e5494478-aeb5-43b1-9bb4-ba20c4e871c1}</UniqueIdentifier>
    </Filter>
    <Filter Include="ソース ファイル\Draw\Particle">
      <UniqueIdentifier>{5e6613b5-5d24-415f-9164-0941bf90a473}</UniqueIdentifier>
    </Filter>
    <Filter Include="ソース ファイル\Draw\Map">
      <UniqueIdentifier>{3b371ab0-b6b7-4615-9c4a-c5a991c40169}</UniqueIdentifier>
    </Filter>
    <Filter Include="ヘッダー ファイル\Draw\Particle">
      <UniqueIdentifier>{4f17e0c6-82af-4c83-bf25-0de5616c19de}</UniqueIdentifier>
    </Filter>
    <Filter Include="ヘッダー ファイル\Draw\Map">
      <UniqueIdentifier>{c4ccce35-bd83-450f-93cb-17ddc9288fdf}</UniqueIdentifier>
    </Filter>
    <Filter Include="ソース ファイル\Draw\Effect">
      <UniqueIdentifier>{759810d8-d952-41df-a2d6-af984f0fe007}</UniqueIdentifier>
    </Filter>
    <Filter Include="ヘッダー ファイル\Draw\Effect">
      <UniqueIdentifier>{9f721099-83b0-4ed2-a453-07a437bd7544}</UniqueIdentifier>
    </Filter>
    <Filter Include="ヘッダー ファイル\Input">
      <UniqueIdentifier>{f7b4540c-751d-4e99-9653-fc764a15a4b3}</UniqueIdentifier>
    </Filter>
    <Filter Include="ソース ファイル\Input">
      <UniqueIdentifier>{af2a7b3b-a59f-4ff3-9a83-777ac7be3fcf}</UniqueIdentifier>
    </Filter>
    <Filter Include="ソース ファイル\Draw\UI">
      <UniqueIdentifier>{6efbdfd4-c47a-4dc9-a898-a6626ac66398}</UniqueIdentifier>
    </Filter>
    <Filter Include="ヘッダー ファイル\Draw\UI">
      <UniqueIdentifier>{bb200ce5-0a05-454d-883b-287ec7346c55}</UniqueIdentifier>
    </Filter>
  </ItemGroup>
  <ItemGroup>
    <ClCompile Include="Bomb.cpp">
      <Filter>ソース ファイル</Filter>
    </ClCompile>
    <ClCompile Include="function.cpp">
      <Filter>ソース ファイル</Filter>
    </ClCompile>
    <ClCompile Include="main.cpp">
      <Filter>ソース ファイル</Filter>
    </ClCompile>
    <ClCompile Include="Map.cpp">
      <Filter>ソース ファイル</Filter>
    </ClCompile>
    <ClCompile Include="Player.cpp">
      <Filter>ソース ファイル</Filter>
    </ClCompile>
    <ClCompile Include="Vector2.cpp">
      <Filter>ソース ファイル</Filter>
    </ClCompile>
    <ClCompile Include="Timer.cpp">
      <Filter>ソース ファイル</Filter>
    </ClCompile>
    <ClCompile Include="Camera.cpp">
      <Filter>ソース ファイル\Draw</Filter>
    </ClCompile>
    <ClCompile Include="Random.cpp">
      <Filter>ソース ファイル\Draw\Math</Filter>
    </ClCompile>
    <ClCompile Include="Ease.cpp">
      <Filter>ソース ファイル\Draw\Math</Filter>
    </ClCompile>
    <ClCompile Include="Shake.cpp">
      <Filter>ソース ファイル\Draw\Math</Filter>
    </ClCompile>
    <ClCompile Include="Debri.cpp">
      <Filter>ソース ファイル\Draw\Particle</Filter>
    </ClCompile>
    <ClCompile Include="DebriEmitter.cpp">
      <Filter>ソース ファイル\Draw\Particle</Filter>
    </ClCompile>
    <ClCompile Include="DustEmitter.cpp">
      <Filter>ソース ファイル\Draw\Particle</Filter>
    </ClCompile>
    <ClCompile Include="Dust.cpp">
      <Filter>ソース ファイル\Draw\Particle</Filter>
    </ClCompile>
    <ClCompile Include="Particle.cpp">
      <Filter>ソース ファイル\Draw\Particle</Filter>
    </ClCompile>
    <ClCompile Include="ArrowDraw.cpp">
      <Filter>ソース ファイル\Draw\Map</Filter>
    </ClCompile>
    <ClCompile Include="BrightDraw.cpp">
      <Filter>ソース ファイル\Draw\Map</Filter>
    </ClCompile>
    <ClCompile Include="ChipDraw.cpp">
      <Filter>ソース ファイル\Draw\Map</Filter>
    </ClCompile>
    <ClCompile Include="MapChipDraw.cpp">
      <Filter>ソース ファイル\Draw\Map</Filter>
    </ClCompile>
    <ClCompile Include="BreakEffecter.cpp">
      <Filter>ソース ファイル\Draw\Effect</Filter>
    </ClCompile>
    <ClCompile Include="BrightEffecter.cpp">
      <Filter>ソース ファイル\Draw\Effect</Filter>
    </ClCompile>
    <ClCompile Include="DustEffecter.cpp">
      <Filter>ソース ファイル\Draw\Effect</Filter>
    </ClCompile>
    <ClCompile Include="ArrowEffecter.cpp">
      <Filter>ソース ファイル\Draw\Effect</Filter>
    </ClCompile>
    <ClCompile Include="BreakBlockList.cpp">
      <Filter>ソース ファイル</Filter>
    </ClCompile>
    <ClCompile Include="Selecter.cpp">
      <Filter>ソース ファイル</Filter>
    </ClCompile>
    <ClCompile Include="SelectDraw.cpp">
      <Filter>ソース ファイル\Draw</Filter>
    </ClCompile>
    <ClCompile Include="Input.cpp">
      <Filter>ソース ファイル\Input</Filter>
    </ClCompile>
    <ClCompile Include="Pad.cpp">
      <Filter>ソース ファイル\Input</Filter>
    </ClCompile>
    <ClCompile Include="Keys.cpp">
      <Filter>ソース ファイル\Input</Filter>
    </ClCompile>
    <ClCompile Include="Font.cpp">
      <Filter>ソース ファイル</Filter>
    </ClCompile>
    <ClCompile Include="Ranking.cpp">
      <Filter>ソース ファイル</Filter>
    </ClCompile>
    <ClCompile Include="CashDraw.cpp">
      <Filter>ソース ファイル\Draw\UI</Filter>
    </ClCompile>
    <ClCompile Include="CrystalDraw.cpp">
      <Filter>ソース ファイル\Draw\UI</Filter>
    </ClCompile>
    <ClCompile Include="PickelDraw.cpp">
      <Filter>ソース ファイル\Draw\UI</Filter>
    </ClCompile>
    <ClCompile Include="UIDrawer.cpp">
      <Filter>ソース ファイル\Draw\UI</Filter>
    </ClCompile>
    <ClCompile Include="CoinEffecter.cpp">
      <Filter>ソース ファイル\Draw\Effect</Filter>
    </ClCompile>
    <ClCompile Include="CrystalEffecter.cpp">
      <Filter>ソース ファイル\Draw\Effect</Filter>
    </ClCompile>
  </ItemGroup>
  <ItemGroup>
    <ClInclude Include="Bomb.h">
      <Filter>ヘッダー ファイル</Filter>
    </ClInclude>
    <ClInclude Include="enum.h">
      <Filter>ヘッダー ファイル</Filter>
    </ClInclude>
    <ClInclude Include="function.h">
      <Filter>ヘッダー ファイル</Filter>
    </ClInclude>
    <ClInclude Include="Player.h">
      <Filter>ヘッダー ファイル</Filter>
    </ClInclude>
    <ClInclude Include="Vector2.h">
      <Filter>ヘッダー ファイル</Filter>
    </ClInclude>
    <ClInclude Include="Timer.h">
      <Filter>ヘッダー ファイル</Filter>
    </ClInclude>
    <ClInclude Include="Camera.h">
      <Filter>ヘッダー ファイル\Draw</Filter>
    </ClInclude>
    <ClInclude Include="Map.h">
      <Filter>ヘッダー ファイル</Filter>
    </ClInclude>
    <ClInclude Include="Ease.h">
      <Filter>ヘッダー ファイル\Draw\Math</Filter>
    </ClInclude>
    <ClInclude Include="Random.h">
      <Filter>ヘッダー ファイル\Draw\Math</Filter>
    </ClInclude>
    <ClInclude Include="Shake.h">
      <Filter>ヘッダー ファイル\Draw\Math</Filter>
    </ClInclude>
    <ClInclude Include="Debri.h">
      <Filter>ヘッダー ファイル\Draw\Particle</Filter>
    </ClInclude>
    <ClInclude Include="DebriEmitter.h">
      <Filter>ヘッダー ファイル\Draw\Particle</Filter>
    </ClInclude>
    <ClInclude Include="Dust.h">
      <Filter>ヘッダー ファイル\Draw\Particle</Filter>
    </ClInclude>
    <ClInclude Include="DustEmitter.h">
      <Filter>ヘッダー ファイル\Draw\Particle</Filter>
    </ClInclude>
    <ClInclude Include="Particle.h">
      <Filter>ヘッダー ファイル\Draw\Particle</Filter>
    </ClInclude>
    <ClInclude Include="ChipDraw.h">
      <Filter>ヘッダー ファイル\Draw\Map</Filter>
    </ClInclude>
    <ClInclude Include="MapChipDraw.h">
      <Filter>ヘッダー ファイル\Draw\Map</Filter>
    </ClInclude>
    <ClInclude Include="ArrowDraw.h">
      <Filter>ヘッダー ファイル\Draw\Map</Filter>
    </ClInclude>
    <ClInclude Include="BrightDraw.h">
      <Filter>ヘッダー ファイル\Draw\Map</Filter>
    </ClInclude>
    <ClInclude Include="BreakEffecter.h">
      <Filter>ヘッダー ファイル\Draw\Effect</Filter>
    </ClInclude>
    <ClInclude Include="BrightEffecter.h">
      <Filter>ヘッダー ファイル\Draw\Effect</Filter>
    </ClInclude>
    <ClInclude Include="DustEffecter.h">
      <Filter>ヘッダー ファイル\Draw\Effect</Filter>
    </ClInclude>
    <ClInclude Include="DrawParameter.h">
      <Filter>ヘッダー ファイル\Draw</Filter>
    </ClInclude>
    <ClInclude Include="ArrowEffecter.h">
      <Filter>ヘッダー ファイル\Draw\Effect</Filter>
    </ClInclude>
    <ClInclude Include="BreakBlockList.h">
      <Filter>ヘッダー ファイル</Filter>
    </ClInclude>
    <ClInclude Include="Selecter.h">
      <Filter>ヘッダー ファイル</Filter>
    </ClInclude>
    <ClInclude Include="SelectDraw.h">
      <Filter>ヘッダー ファイル\Draw</Filter>
    </ClInclude>
    <ClInclude Include="Input.h">
      <Filter>ヘッダー ファイル\Input</Filter>
    </ClInclude>
    <ClInclude Include="Pad.h">
      <Filter>ヘッダー ファイル\Input</Filter>
    </ClInclude>
    <ClInclude Include="Keys.h">
      <Filter>ヘッダー ファイル\Input</Filter>
    </ClInclude>
    <ClInclude Include="Font.h">
      <Filter>ヘッダー ファイル</Filter>
    </ClInclude>
    <ClInclude Include="Ranking.h">
      <Filter>ヘッダー ファイル</Filter>
    </ClInclude>
    <ClInclude Include="CashDraw.h">
      <Filter>ヘッダー ファイル\Draw\UI</Filter>
    </ClInclude>
    <ClInclude Include="CrystalDraw.h">
      <Filter>ヘッダー ファイル\Draw\UI</Filter>
    </ClInclude>
    <ClInclude Include="PickelDraw.h">
      <Filter>ヘッダー ファイル\Draw\UI</Filter>
    </ClInclude>
    <ClInclude Include="UIDrawer.h">
      <Filter>ヘッダー ファイル\Draw\UI</Filter>
    </ClInclude>
    <ClInclude Include="CoinEffecter.h">
      <Filter>ヘッダー ファイル\Draw\Effect</Filter>
    </ClInclude>
    <ClInclude Include="CrystalEffecter.h">
      <Filter>ヘッダー ファイル\Draw\Effect</Filter>
    </ClInclude>
  </ItemGroup>
</Project>